
Microsoft Visual Studio Solution File, Format Version 12.00
# Visual Studio Version 16
VisualStudioVersion = 16.0.31829.152
MinimumVisualStudioVersion = 10.0.40219.1
Project("{FAE04EC0-301F-11D3-BF4B-00C04F79EFBC}") = "ApiZapatosone", "ApiZapatosone\ApiZapatosone.csproj", "{F52F4EDA-1577-4D60-8774-A01986572615}"
EndProject
Global
	GlobalSection(SolutionConfigurationPlatforms) = preSolution
		Debug|Any CPU = Debug|Any CPU
		Release|Any CPU = Release|Any CPU
	EndGlobalSection
	GlobalSection(ProjectConfigurationPlatforms) = postSolution
		{F52F4EDA-1577-4D60-8774-A01986572615}.Debug|Any CPU.ActiveCfg = Debug|Any CPU
		{F52F4EDA-1577-4D60-8774-A01986572615}.Debug|Any CPU.Build.0 = Debug|Any CPU
		{F52F4EDA-1577-4D60-8774-A01986572615}.Release|Any CPU.ActiveCfg = Release|Any CPU
		{F52F4EDA-1577-4D60-8774-A01986572615}.Release|Any CPU.Build.0 = Release|Any CPU
	EndGlobalSection
	GlobalSection(SolutionProperties) = preSolution
		HideSolutionNode = FALSE
	EndGlobalSection
	GlobalSection(ExtensibilityGlobals) = postSolution
		SolutionGuid = {6F73CAB5-21E8-4870-9771-28746DF2A6CF}
	EndGlobalSection
EndGlobal
